
Microsoft Visual Studio Solution File, Format Version 12.00
# Visual Studio Version 17
VisualStudioVersion = 17.3.32922.545
MinimumVisualStudioVersion = 10.0.40219.1
Project("{9A19103F-16F7-4668-BE54-9A1E7A4F7556}") = "Messages.Webapi", "Services\Messages\Messages.Webapi\Messages.Webapi.csproj", "{171A2C05-AE8B-4813-A51B-2F4AD118EA4D}"
EndProject
Project("{9A19103F-16F7-4668-BE54-9A1E7A4F7556}") = "Messages.Domain", "Services\Messages\Messages.Domain\Messages.Domain.csproj", "{CFA166C3-EE15-4EE4-A199-E8739082561D}"
	ProjectSection(ProjectDependencies) = postProject
		{6C830F08-5265-4CD8-8DB9-A0404BF9590E} = {6C830F08-5265-4CD8-8DB9-A0404BF9590E}
	EndProjectSection
EndProject
Project("{9A19103F-16F7-4668-BE54-9A1E7A4F7556}") = "Messages.Infrastructure", "Services\Messages\Messages.Infrastructure\Messages.Infrastructure.csproj", "{7C647E7A-BB4B-44E4-8F34-E02C207CB581}"
EndProject
Project("{2150E333-8FDC-42A3-9474-1A3956D46DE8}") = "Solution Items", "Solution Items", "{36EFCC7A-D73D-49DA-B1B0-7DF66EDC6C55}"
	ProjectSection(SolutionItems) = preProject
		.editorconfig = .editorconfig
		Readme.md = Readme.md
	EndProjectSection
EndProject
Project("{9A19103F-16F7-4668-BE54-9A1E7A4F7556}") = "Messages.Common", "Messages.Common\Messages.Common.csproj", "{6C830F08-5265-4CD8-8DB9-A0404BF9590E}"
EndProject
Project("{9A19103F-16F7-4668-BE54-9A1E7A4F7556}") = "Messages.Interfaces", "Services\Messages\Messages.Interfaces\Messages.Interfaces.csproj", "{19C94B65-5B41-421D-9657-B99373D2D742}"
EndProject
Project("{9A19103F-16F7-4668-BE54-9A1E7A4F7556}") = "Messages.Logic", "Services\Messages\Messages.Logic\Messages.Logic.csproj", "{9F8B927A-BF72-418C-A8EF-F3688A58B3CA}"
EndProject
Project("{2150E333-8FDC-42A3-9474-1A3956D46DE8}") = "Services", "Services", "{C9C4DC06-E583-4E49-A445-B9F963966EF8}"
EndProject
Project("{2150E333-8FDC-42A3-9474-1A3956D46DE8}") = "Messages", "Messages", "{4EAF1B4E-1A19-48E1-8C52-4B6335DAB9A1}"
EndProject
Project("{FAE04EC0-301F-11D3-BF4B-00C04F79EFBC}") = "Messages.Spa", "Messages.Spa\Messages.Spa.csproj", "{81BE4377-5D09-48C4-9DD4-02DF86C6DD38}"
EndProject
Global
	GlobalSection(SolutionConfigurationPlatforms) = preSolution
		Debug|Any CPU = Debug|Any CPU
		Release|Any CPU = Release|Any CPU
	EndGlobalSection
	GlobalSection(ProjectConfigurationPlatforms) = postSolution
		{171A2C05-AE8B-4813-A51B-2F4AD118EA4D}.Debug|Any CPU.ActiveCfg = Debug|Any CPU
		{171A2C05-AE8B-4813-A51B-2F4AD118EA4D}.Debug|Any CPU.Build.0 = Debug|Any CPU
		{171A2C05-AE8B-4813-A51B-2F4AD118EA4D}.Release|Any CPU.ActiveCfg = Release|Any CPU
		{171A2C05-AE8B-4813-A51B-2F4AD118EA4D}.Release|Any CPU.Build.0 = Release|Any CPU
		{CFA166C3-EE15-4EE4-A199-E8739082561D}.Debug|Any CPU.ActiveCfg = Debug|Any CPU
		{CFA166C3-EE15-4EE4-A199-E8739082561D}.Debug|Any CPU.Build.0 = Debug|Any CPU
		{CFA166C3-EE15-4EE4-A199-E8739082561D}.Release|Any CPU.ActiveCfg = Release|Any CPU
		{CFA166C3-EE15-4EE4-A199-E8739082561D}.Release|Any CPU.Build.0 = Release|Any CPU
		{7C647E7A-BB4B-44E4-8F34-E02C207CB581}.Debug|Any CPU.ActiveCfg = Debug|Any CPU
		{7C647E7A-BB4B-44E4-8F34-E02C207CB581}.Debug|Any CPU.Build.0 = Debug|Any CPU
		{7C647E7A-BB4B-44E4-8F34-E02C207CB581}.Release|Any CPU.ActiveCfg = Release|Any CPU
		{7C647E7A-BB4B-44E4-8F34-E02C207CB581}.Release|Any CPU.Build.0 = Release|Any CPU
		{6C830F08-5265-4CD8-8DB9-A0404BF9590E}.Debug|Any CPU.ActiveCfg = Debug|Any CPU
		{6C830F08-5265-4CD8-8DB9-A0404BF9590E}.Debug|Any CPU.Build.0 = Debug|Any CPU
		{6C830F08-5265-4CD8-8DB9-A0404BF9590E}.Release|Any CPU.ActiveCfg = Release|Any CPU
		{6C830F08-5265-4CD8-8DB9-A0404BF9590E}.Release|Any CPU.Build.0 = Release|Any CPU
		{19C94B65-5B41-421D-9657-B99373D2D742}.Debug|Any CPU.ActiveCfg = Debug|Any CPU
		{19C94B65-5B41-421D-9657-B99373D2D742}.Debug|Any CPU.Build.0 = Debug|Any CPU
		{19C94B65-5B41-421D-9657-B99373D2D742}.Release|Any CPU.ActiveCfg = Release|Any CPU
		{19C94B65-5B41-421D-9657-B99373D2D742}.Release|Any CPU.Build.0 = Release|Any CPU
		{9F8B927A-BF72-418C-A8EF-F3688A58B3CA}.Debug|Any CPU.ActiveCfg = Debug|Any CPU
		{9F8B927A-BF72-418C-A8EF-F3688A58B3CA}.Debug|Any CPU.Build.0 = Debug|Any CPU
		{9F8B927A-BF72-418C-A8EF-F3688A58B3CA}.Release|Any CPU.ActiveCfg = Release|Any CPU
		{9F8B927A-BF72-418C-A8EF-F3688A58B3CA}.Release|Any CPU.Build.0 = Release|Any CPU
		{81BE4377-5D09-48C4-9DD4-02DF86C6DD38}.Debug|Any CPU.ActiveCfg = Debug|Any CPU
		{81BE4377-5D09-48C4-9DD4-02DF86C6DD38}.Debug|Any CPU.Build.0 = Debug|Any CPU
		{81BE4377-5D09-48C4-9DD4-02DF86C6DD38}.Release|Any CPU.ActiveCfg = Release|Any CPU
		{81BE4377-5D09-48C4-9DD4-02DF86C6DD38}.Release|Any CPU.Build.0 = Release|Any CPU
	EndGlobalSection
	GlobalSection(SolutionProperties) = preSolution
		HideSolutionNode = FALSE
	EndGlobalSection
	GlobalSection(NestedProjects) = preSolution
		{171A2C05-AE8B-4813-A51B-2F4AD118EA4D} = {4EAF1B4E-1A19-48E1-8C52-4B6335DAB9A1}
		{CFA166C3-EE15-4EE4-A199-E8739082561D} = {4EAF1B4E-1A19-48E1-8C52-4B6335DAB9A1}
		{7C647E7A-BB4B-44E4-8F34-E02C207CB581} = {4EAF1B4E-1A19-48E1-8C52-4B6335DAB9A1}
		{19C94B65-5B41-421D-9657-B99373D2D742} = {4EAF1B4E-1A19-48E1-8C52-4B6335DAB9A1}
		{9F8B927A-BF72-418C-A8EF-F3688A58B3CA} = {4EAF1B4E-1A19-48E1-8C52-4B6335DAB9A1}
		{4EAF1B4E-1A19-48E1-8C52-4B6335DAB9A1} = {C9C4DC06-E583-4E49-A445-B9F963966EF8}
	EndGlobalSection
	GlobalSection(ExtensibilityGlobals) = postSolution
		SolutionGuid = {59566CCA-01FB-4401-B757-916B5D7BD59A}
	EndGlobalSection
EndGlobal
