
Microsoft Visual Studio Solution File, Format Version 12.00
# Visual Studio Version 17
VisualStudioVersion = 17.3.32922.545
MinimumVisualStudioVersion = 10.0.40219.1
Project("{2150E333-8FDC-42A3-9474-1A3956D46DE8}") = "Solution Items", "Solution Items", "{36EFCC7A-D73D-49DA-B1B0-7DF66EDC6C55}"
	ProjectSection(SolutionItems) = preProject
		.editorconfig = .editorconfig
		Readme.md = Readme.md
	EndProjectSection
EndProject
Project("{2150E333-8FDC-42A3-9474-1A3956D46DE8}") = "Services", "Services", "{C9C4DC06-E583-4E49-A445-B9F963966EF8}"
EndProject
Project("{2150E333-8FDC-42A3-9474-1A3956D46DE8}") = "Messages", "Messages", "{4EAF1B4E-1A19-48E1-8C52-4B6335DAB9A1}"
EndProject
Project("{2150E333-8FDC-42A3-9474-1A3956D46DE8}") = "FileStore", "FileStore", "{C9AFB9B8-B3C9-4F04-9D24-30D9C4D41EF5}"
EndProject
Project("{2150E333-8FDC-42A3-9474-1A3956D46DE8}") = "Элементы решения", "Элементы решения", "{3C3CD050-D305-43F5-A523-ED9F3B6E9356}"
	ProjectSection(SolutionItems) = preProject
		docker-compose.yml = docker-compose.yml
	EndProjectSection
EndProject
Project("{9A19103F-16F7-4668-BE54-9A1E7A4F7556}") = "Rk.Messages.Spa", "Rk.Messages.Spa\Rk.Messages.Spa.csproj", "{879A32BB-AD64-4458-B145-1F2685653FD1}"
EndProject
Project("{9A19103F-16F7-4668-BE54-9A1E7A4F7556}") = "Rk.Messages.Common", "Rk.Messages.Common\Rk.Messages.Common.csproj", "{56A6EBDB-7916-4D0E-8E5B-73190056DD30}"
EndProject
Project("{9A19103F-16F7-4668-BE54-9A1E7A4F7556}") = "Rk.Messages.Domain", "Services\Messages\Rk.Messages.Domain\Rk.Messages.Domain.csproj", "{5349D4E3-100E-476A-A820-BF10B8C73671}"
EndProject
Project("{9A19103F-16F7-4668-BE54-9A1E7A4F7556}") = "Rk.Messages.Infrastructure", "Services\Messages\Rk.Messages.Infrastructure\Rk.Messages.Infrastructure.csproj", "{61E44F32-0CDA-48CF-8C25-5ED220AF2606}"
EndProject
Project("{9A19103F-16F7-4668-BE54-9A1E7A4F7556}") = "Rk.Messages.Interfaces", "Services\Messages\Rk.Messages.Interfaces\Rk.Messages.Interfaces.csproj", "{3B683CFF-2EF9-471E-82F1-4DD7F08048E2}"
EndProject
Project("{9A19103F-16F7-4668-BE54-9A1E7A4F7556}") = "Rk.Messages.Logic", "Services\Messages\Rk.Messages.Logic\Rk.Messages.Logic.csproj", "{2228E58C-7536-411D-B199-284466124682}"
EndProject
Project("{9A19103F-16F7-4668-BE54-9A1E7A4F7556}") = "Rk.Messages.Webapi", "Services\Messages\Rk.Messages.Webapi\Rk.Messages.Webapi.csproj", "{8A23062F-7FF3-4FC6-9BCA-8899752DE120}"
EndProject
Project("{9A19103F-16F7-4668-BE54-9A1E7A4F7556}") = "Rk.FileStore.Domain", "Services\FileStore\Rk.FileStore.Domain\Rk.FileStore.Domain.csproj", "{3B7A04EC-73D3-412E-A813-B75D1242398A}"
EndProject
Project("{9A19103F-16F7-4668-BE54-9A1E7A4F7556}") = "Rk.FileStore.Infrastructure", "Services\FileStore\Rk.FileStore.Infrastructure\Rk.FileStore.Infrastructure.csproj", "{AFCB439B-FD4F-4C72-BC1C-82926E4970BA}"
EndProject
Project("{9A19103F-16F7-4668-BE54-9A1E7A4F7556}") = "Rk.FileStore.Interfaces", "Services\FileStore\Rk.FileStore.Interfaces\Rk.FileStore.Interfaces.csproj", "{339A13EB-1A5F-48E1-BA06-FF20D9C06B8E}"
EndProject
Project("{9A19103F-16F7-4668-BE54-9A1E7A4F7556}") = "Rk.FileStore.Webapi", "Services\FileStore\Rk.FileStore.Webapi\Rk.FileStore.Webapi.csproj", "{73C0B0E0-D875-4F8E-8033-EF0DC7D00B2E}"
EndProject
Project("{9A19103F-16F7-4668-BE54-9A1E7A4F7556}") = "Rk.FileStore.Logic", "Services\FileStore\Rk.FileStore.Logic\Rk.FileStore.Logic.csproj", "{A2AC7ED9-1D37-44E6-81C5-CEDFFFF3DE1E}"
EndProject
Project("{FAE04EC0-301F-11D3-BF4B-00C04F79EFBC}") = "Rk.Messages.Tests", "Services\Messages\Rk.Messages.Tests\Rk.Messages.Tests.csproj", "{3CE9877E-E898-4F93-91C7-B11A0423386D}"
EndProject
Project("{2150E333-8FDC-42A3-9474-1A3956D46DE8}") = "AccountService", "AccountService", "{F494814C-5666-4238-8BF0-015CE3B13EEB}"
EndProject
Project("{FAE04EC0-301F-11D3-BF4B-00C04F79EFBC}") = "Rk.AccountService.Infrastructure", "Services\AccountService\Rk.AccountService.Infrastructure\Rk.AccountService.Infrastructure.csproj", "{04751D5D-9A8D-4A71-A36D-F604557BC537}"
EndProject
Project("{FAE04EC0-301F-11D3-BF4B-00C04F79EFBC}") = "Rk.AccountService.Interfaces", "Services\AccountService\Rk.AccountService.Interfaces\Rk.AccountService.Interfaces.csproj", "{737C7DC9-4D58-40C6-83A4-A35DCFF68238}"
EndProject
Project("{FAE04EC0-301F-11D3-BF4B-00C04F79EFBC}") = "Rk.AccountService.Logic", "Services\AccountService\Rk.AccountService.Logic\Rk.AccountService.Logic.csproj", "{A269F62E-DB45-4274-A692-49F353F9F61C}"
EndProject
Project("{FAE04EC0-301F-11D3-BF4B-00C04F79EFBC}") = "Rk.AccountService.WebApi", "Services\AccountService\Rk.AccountService.WebApi\Rk.AccountService.WebApi.csproj", "{ADCC4A58-8C5E-4A5C-AEE9-F973B4B7E5F4}"
EndProject
Global
	GlobalSection(SolutionConfigurationPlatforms) = preSolution
		Debug|Any CPU = Debug|Any CPU
		Release|Any CPU = Release|Any CPU
	EndGlobalSection
	GlobalSection(ProjectConfigurationPlatforms) = postSolution
		{879A32BB-AD64-4458-B145-1F2685653FD1}.Debug|Any CPU.ActiveCfg = Debug|Any CPU
		{879A32BB-AD64-4458-B145-1F2685653FD1}.Debug|Any CPU.Build.0 = Debug|Any CPU
		{879A32BB-AD64-4458-B145-1F2685653FD1}.Release|Any CPU.ActiveCfg = Release|Any CPU
		{879A32BB-AD64-4458-B145-1F2685653FD1}.Release|Any CPU.Build.0 = Release|Any CPU
		{56A6EBDB-7916-4D0E-8E5B-73190056DD30}.Debug|Any CPU.ActiveCfg = Debug|Any CPU
		{56A6EBDB-7916-4D0E-8E5B-73190056DD30}.Debug|Any CPU.Build.0 = Debug|Any CPU
		{56A6EBDB-7916-4D0E-8E5B-73190056DD30}.Release|Any CPU.ActiveCfg = Release|Any CPU
		{56A6EBDB-7916-4D0E-8E5B-73190056DD30}.Release|Any CPU.Build.0 = Release|Any CPU
		{5349D4E3-100E-476A-A820-BF10B8C73671}.Debug|Any CPU.ActiveCfg = Debug|Any CPU
		{5349D4E3-100E-476A-A820-BF10B8C73671}.Debug|Any CPU.Build.0 = Debug|Any CPU
		{5349D4E3-100E-476A-A820-BF10B8C73671}.Release|Any CPU.ActiveCfg = Release|Any CPU
		{5349D4E3-100E-476A-A820-BF10B8C73671}.Release|Any CPU.Build.0 = Release|Any CPU
		{61E44F32-0CDA-48CF-8C25-5ED220AF2606}.Debug|Any CPU.ActiveCfg = Debug|Any CPU
		{61E44F32-0CDA-48CF-8C25-5ED220AF2606}.Debug|Any CPU.Build.0 = Debug|Any CPU
		{61E44F32-0CDA-48CF-8C25-5ED220AF2606}.Release|Any CPU.ActiveCfg = Release|Any CPU
		{61E44F32-0CDA-48CF-8C25-5ED220AF2606}.Release|Any CPU.Build.0 = Release|Any CPU
		{3B683CFF-2EF9-471E-82F1-4DD7F08048E2}.Debug|Any CPU.ActiveCfg = Debug|Any CPU
		{3B683CFF-2EF9-471E-82F1-4DD7F08048E2}.Debug|Any CPU.Build.0 = Debug|Any CPU
		{3B683CFF-2EF9-471E-82F1-4DD7F08048E2}.Release|Any CPU.ActiveCfg = Release|Any CPU
		{3B683CFF-2EF9-471E-82F1-4DD7F08048E2}.Release|Any CPU.Build.0 = Release|Any CPU
		{2228E58C-7536-411D-B199-284466124682}.Debug|Any CPU.ActiveCfg = Debug|Any CPU
		{2228E58C-7536-411D-B199-284466124682}.Debug|Any CPU.Build.0 = Debug|Any CPU
		{2228E58C-7536-411D-B199-284466124682}.Release|Any CPU.ActiveCfg = Release|Any CPU
		{2228E58C-7536-411D-B199-284466124682}.Release|Any CPU.Build.0 = Release|Any CPU
		{8A23062F-7FF3-4FC6-9BCA-8899752DE120}.Debug|Any CPU.ActiveCfg = Debug|Any CPU
		{8A23062F-7FF3-4FC6-9BCA-8899752DE120}.Debug|Any CPU.Build.0 = Debug|Any CPU
		{8A23062F-7FF3-4FC6-9BCA-8899752DE120}.Release|Any CPU.ActiveCfg = Release|Any CPU
		{8A23062F-7FF3-4FC6-9BCA-8899752DE120}.Release|Any CPU.Build.0 = Release|Any CPU
		{3B7A04EC-73D3-412E-A813-B75D1242398A}.Debug|Any CPU.ActiveCfg = Debug|Any CPU
		{3B7A04EC-73D3-412E-A813-B75D1242398A}.Debug|Any CPU.Build.0 = Debug|Any CPU
		{3B7A04EC-73D3-412E-A813-B75D1242398A}.Release|Any CPU.ActiveCfg = Release|Any CPU
		{3B7A04EC-73D3-412E-A813-B75D1242398A}.Release|Any CPU.Build.0 = Release|Any CPU
		{AFCB439B-FD4F-4C72-BC1C-82926E4970BA}.Debug|Any CPU.ActiveCfg = Debug|Any CPU
		{AFCB439B-FD4F-4C72-BC1C-82926E4970BA}.Debug|Any CPU.Build.0 = Debug|Any CPU
		{AFCB439B-FD4F-4C72-BC1C-82926E4970BA}.Release|Any CPU.ActiveCfg = Release|Any CPU
		{AFCB439B-FD4F-4C72-BC1C-82926E4970BA}.Release|Any CPU.Build.0 = Release|Any CPU
		{339A13EB-1A5F-48E1-BA06-FF20D9C06B8E}.Debug|Any CPU.ActiveCfg = Debug|Any CPU
		{339A13EB-1A5F-48E1-BA06-FF20D9C06B8E}.Debug|Any CPU.Build.0 = Debug|Any CPU
		{339A13EB-1A5F-48E1-BA06-FF20D9C06B8E}.Release|Any CPU.ActiveCfg = Release|Any CPU
		{339A13EB-1A5F-48E1-BA06-FF20D9C06B8E}.Release|Any CPU.Build.0 = Release|Any CPU
		{73C0B0E0-D875-4F8E-8033-EF0DC7D00B2E}.Debug|Any CPU.ActiveCfg = Debug|Any CPU
		{73C0B0E0-D875-4F8E-8033-EF0DC7D00B2E}.Debug|Any CPU.Build.0 = Debug|Any CPU
		{73C0B0E0-D875-4F8E-8033-EF0DC7D00B2E}.Release|Any CPU.ActiveCfg = Release|Any CPU
		{73C0B0E0-D875-4F8E-8033-EF0DC7D00B2E}.Release|Any CPU.Build.0 = Release|Any CPU
		{A2AC7ED9-1D37-44E6-81C5-CEDFFFF3DE1E}.Debug|Any CPU.ActiveCfg = Debug|Any CPU
		{A2AC7ED9-1D37-44E6-81C5-CEDFFFF3DE1E}.Debug|Any CPU.Build.0 = Debug|Any CPU
		{A2AC7ED9-1D37-44E6-81C5-CEDFFFF3DE1E}.Release|Any CPU.ActiveCfg = Release|Any CPU
		{A2AC7ED9-1D37-44E6-81C5-CEDFFFF3DE1E}.Release|Any CPU.Build.0 = Release|Any CPU
		{3CE9877E-E898-4F93-91C7-B11A0423386D}.Debug|Any CPU.ActiveCfg = Debug|Any CPU
		{3CE9877E-E898-4F93-91C7-B11A0423386D}.Debug|Any CPU.Build.0 = Debug|Any CPU
		{3CE9877E-E898-4F93-91C7-B11A0423386D}.Release|Any CPU.ActiveCfg = Release|Any CPU
		{3CE9877E-E898-4F93-91C7-B11A0423386D}.Release|Any CPU.Build.0 = Release|Any CPU
		{04751D5D-9A8D-4A71-A36D-F604557BC537}.Debug|Any CPU.ActiveCfg = Debug|Any CPU
		{04751D5D-9A8D-4A71-A36D-F604557BC537}.Debug|Any CPU.Build.0 = Debug|Any CPU
		{04751D5D-9A8D-4A71-A36D-F604557BC537}.Release|Any CPU.ActiveCfg = Release|Any CPU
		{04751D5D-9A8D-4A71-A36D-F604557BC537}.Release|Any CPU.Build.0 = Release|Any CPU
		{737C7DC9-4D58-40C6-83A4-A35DCFF68238}.Debug|Any CPU.ActiveCfg = Debug|Any CPU
		{737C7DC9-4D58-40C6-83A4-A35DCFF68238}.Debug|Any CPU.Build.0 = Debug|Any CPU
		{737C7DC9-4D58-40C6-83A4-A35DCFF68238}.Release|Any CPU.ActiveCfg = Release|Any CPU
		{737C7DC9-4D58-40C6-83A4-A35DCFF68238}.Release|Any CPU.Build.0 = Release|Any CPU
		{A269F62E-DB45-4274-A692-49F353F9F61C}.Debug|Any CPU.ActiveCfg = Debug|Any CPU
		{A269F62E-DB45-4274-A692-49F353F9F61C}.Debug|Any CPU.Build.0 = Debug|Any CPU
		{A269F62E-DB45-4274-A692-49F353F9F61C}.Release|Any CPU.ActiveCfg = Release|Any CPU
		{A269F62E-DB45-4274-A692-49F353F9F61C}.Release|Any CPU.Build.0 = Release|Any CPU
		{ADCC4A58-8C5E-4A5C-AEE9-F973B4B7E5F4}.Debug|Any CPU.ActiveCfg = Debug|Any CPU
		{ADCC4A58-8C5E-4A5C-AEE9-F973B4B7E5F4}.Debug|Any CPU.Build.0 = Debug|Any CPU
		{ADCC4A58-8C5E-4A5C-AEE9-F973B4B7E5F4}.Release|Any CPU.ActiveCfg = Release|Any CPU
		{ADCC4A58-8C5E-4A5C-AEE9-F973B4B7E5F4}.Release|Any CPU.Build.0 = Release|Any CPU
	EndGlobalSection
	GlobalSection(SolutionProperties) = preSolution
		HideSolutionNode = FALSE
	EndGlobalSection
	GlobalSection(NestedProjects) = preSolution
		{4EAF1B4E-1A19-48E1-8C52-4B6335DAB9A1} = {C9C4DC06-E583-4E49-A445-B9F963966EF8}
		{C9AFB9B8-B3C9-4F04-9D24-30D9C4D41EF5} = {C9C4DC06-E583-4E49-A445-B9F963966EF8}
		{5349D4E3-100E-476A-A820-BF10B8C73671} = {4EAF1B4E-1A19-48E1-8C52-4B6335DAB9A1}
		{61E44F32-0CDA-48CF-8C25-5ED220AF2606} = {4EAF1B4E-1A19-48E1-8C52-4B6335DAB9A1}
		{3B683CFF-2EF9-471E-82F1-4DD7F08048E2} = {4EAF1B4E-1A19-48E1-8C52-4B6335DAB9A1}
		{2228E58C-7536-411D-B199-284466124682} = {4EAF1B4E-1A19-48E1-8C52-4B6335DAB9A1}
		{8A23062F-7FF3-4FC6-9BCA-8899752DE120} = {4EAF1B4E-1A19-48E1-8C52-4B6335DAB9A1}
		{3B7A04EC-73D3-412E-A813-B75D1242398A} = {C9AFB9B8-B3C9-4F04-9D24-30D9C4D41EF5}
		{AFCB439B-FD4F-4C72-BC1C-82926E4970BA} = {C9AFB9B8-B3C9-4F04-9D24-30D9C4D41EF5}
		{339A13EB-1A5F-48E1-BA06-FF20D9C06B8E} = {C9AFB9B8-B3C9-4F04-9D24-30D9C4D41EF5}
		{73C0B0E0-D875-4F8E-8033-EF0DC7D00B2E} = {C9AFB9B8-B3C9-4F04-9D24-30D9C4D41EF5}
		{A2AC7ED9-1D37-44E6-81C5-CEDFFFF3DE1E} = {C9AFB9B8-B3C9-4F04-9D24-30D9C4D41EF5}
		{3CE9877E-E898-4F93-91C7-B11A0423386D} = {4EAF1B4E-1A19-48E1-8C52-4B6335DAB9A1}
		{F494814C-5666-4238-8BF0-015CE3B13EEB} = {C9C4DC06-E583-4E49-A445-B9F963966EF8}
		{04751D5D-9A8D-4A71-A36D-F604557BC537} = {F494814C-5666-4238-8BF0-015CE3B13EEB}
		{737C7DC9-4D58-40C6-83A4-A35DCFF68238} = {F494814C-5666-4238-8BF0-015CE3B13EEB}
		{A269F62E-DB45-4274-A692-49F353F9F61C} = {F494814C-5666-4238-8BF0-015CE3B13EEB}
		{ADCC4A58-8C5E-4A5C-AEE9-F973B4B7E5F4} = {F494814C-5666-4238-8BF0-015CE3B13EEB}
	EndGlobalSection
	GlobalSection(ExtensibilityGlobals) = postSolution
		SolutionGuid = {59566CCA-01FB-4401-B757-916B5D7BD59A}
	EndGlobalSection
EndGlobal
